
Microsoft Visual Studio Solution File, Format Version 12.00
# Visual Studio Version 17
VisualStudioVersion = 17.9.34607.119
MinimumVisualStudioVersion = 10.0.40219.1
Project("{888888A0-9F3D-457C-B088-3A5042F75D52}") = "model testing", "model testing\model testing.pyproj", "{1599E354-6336-4290-BC67-93B12B3A73A3}"
EndProject
Global
	GlobalSection(SolutionConfigurationPlatforms) = preSolution
		Debug|Any CPU = Debug|Any CPU
		Release|Any CPU = Release|Any CPU
	EndGlobalSection
	GlobalSection(ProjectConfigurationPlatforms) = postSolution
		{1599E354-6336-4290-BC67-93B12B3A73A3}.Debug|Any CPU.ActiveCfg = Debug|Any CPU
		{1599E354-6336-4290-BC67-93B12B3A73A3}.Release|Any CPU.ActiveCfg = Release|Any CPU
	EndGlobalSection
	GlobalSection(SolutionProperties) = preSolution
		HideSolutionNode = FALSE
	EndGlobalSection
	GlobalSection(ExtensibilityGlobals) = postSolution
		SolutionGuid = {DD6A78A4-0300-4614-8FDE-EF5F0CF5BB51}
	EndGlobalSection
EndGlobal
